
Microsoft Visual Studio Solution File, Format Version 12.00
# Visual Studio Version 17
VisualStudioVersion = 17.8.34330.188
MinimumVisualStudioVersion = 10.0.40219.1
Project("{9A19103F-16F7-4668-BE54-9A1E7A4F7556}") = "MailSend_DotNETCore8WebAPI", "MailSend_DotNETCore8WebAPI.csproj", "{AAE56D6F-30AC-4272-85F8-A76AF1C679FB}"
EndProject
Global
	GlobalSection(SolutionConfigurationPlatforms) = preSolution
		Debug|Any CPU = Debug|Any CPU
		Release|Any CPU = Release|Any CPU
	EndGlobalSection
	GlobalSection(ProjectConfigurationPlatforms) = postSolution
		{AAE56D6F-30AC-4272-85F8-A76AF1C679FB}.Debug|Any CPU.ActiveCfg = Debug|Any CPU
		{AAE56D6F-30AC-4272-85F8-A76AF1C679FB}.Debug|Any CPU.Build.0 = Debug|Any CPU
		{AAE56D6F-30AC-4272-85F8-A76AF1C679FB}.Release|Any CPU.ActiveCfg = Release|Any CPU
		{AAE56D6F-30AC-4272-85F8-A76AF1C679FB}.Release|Any CPU.Build.0 = Release|Any CPU
	EndGlobalSection
	GlobalSection(SolutionProperties) = preSolution
		HideSolutionNode = FALSE
	EndGlobalSection
	GlobalSection(ExtensibilityGlobals) = postSolution
		SolutionGuid = {2EE7DC29-74C7-494A-A39A-7AB86812D97B}
	EndGlobalSection
EndGlobal
